PODS:
  - Flutter (1.0.0)
  - flutter_rounded_progress_bar (0.0.1):
    - Flutter

DEPENDENCIES:
  - Flutter (from `Flutter`)
  - flutter_rounded_progress_bar (from `.symlinks/plugins/flutter_rounded_progress_bar/ios`)

EXTERNAL SOURCES:
  Flutter:
    :path: Flutter
  flutter_rounded_progress_bar:
    :path: ".symlinks/plugins/flutter_rounded_progress_bar/ios"

SPEC CHECKSUMS:
  Flutter: 50d75fe2f02b26cc09d224853bb45737f8b3214a
  flutter_rounded_progress_bar: 3c650daa330585aa0c302889381734f2e676f000

PODFILE CHECKSUM: aafe91acc616949ddb318b77800a7f51bffa2a4c

COCOAPODS: 1.11.3
